┌[vladimir☮ubuntu]-(~/devops-netology/07-terraform-03-basic/terraform)-[git://master ✗]-
└> terraform plan

Terraform used the selected providers to generate the following execution plan. Resource actions are indicated with the following symbols:
  + create

Terraform will perform the following actions:

  # yandex_compute_instance.netology-count[0] will be created
  + resource "yandex_compute_instance" "netology-count" {
      + created_at                = (known after apply)
      + folder_id                 = (known after apply)
      + fqdn                      = (known after apply)
      + hostname                  = (known after apply)
      + id                        = (known after apply)
      + metadata                  = {
          + "ssh-keys" = <<-EOT
                ubuntu:ssh-ed25519 AAAAC3NzaC1lZDI1NTE5AAAAIMIwO680+vq7rFia8N9UkZhvdwTmfXTTC1QSK9Hni//j work-pc
            EOT
        }
      + network_acceleration_type = "standard"
      + platform_id               = "standard-v2"
      + service_account_id        = (known after apply)
      + status                    = (known after apply)
      + zone                      = "ru-central1-b"

      + boot_disk {
          + auto_delete = true
          + device_name = (known after apply)
          + disk_id     = (known after apply)
          + mode        = (known after apply)

          + initialize_params {
              + block_size  = (known after apply)
              + description = (known after apply)
              + image_id    = "fd8qs44945ddtla09hnr"
              + name        = (known after apply)
              + size        = 10
              + snapshot_id = (known after apply)
              + type        = "network-hdd"
            }
        }

      + network_interface {
          + index              = (known after apply)
          + ip_address         = (known after apply)
          + ipv4               = true
          + ipv6               = (known after apply)
          + ipv6_address       = (known after apply)
          + mac_address        = (known after apply)
          + nat                = true
          + nat_ip_address     = (known after apply)
          + nat_ip_version     = (known after apply)
          + security_group_ids = (known after apply)
          + subnet_id          = (known after apply)
        }

      + placement_policy {
          + host_affinity_rules = (known after apply)
          + placement_group_id  = (known after apply)
        }

      + resources {
          + core_fraction = 100
          + cores         = 4
          + memory        = 4
        }

      + scheduling_policy {
          + preemptible = (known after apply)
        }
    }

  # yandex_compute_instance.netology-count[1] will be created
  + resource "yandex_compute_instance" "netology-count" {
      + created_at                = (known after apply)
      + folder_id                 = (known after apply)
      + fqdn                      = (known after apply)
      + hostname                  = (known after apply)
      + id                        = (known after apply)
      + metadata                  = {
          + "ssh-keys" = <<-EOT
                ubuntu:ssh-ed25519 AAAAC3NzaC1lZDI1NTE5AAAAIMIwO680+vq7rFia8N9UkZhvdwTmfXTTC1QSK9Hni//j work-pc
            EOT
        }
      + network_acceleration_type = "standard"
      + platform_id               = "standard-v2"
      + service_account_id        = (known after apply)
      + status                    = (known after apply)
      + zone                      = "ru-central1-b"

      + boot_disk {
          + auto_delete = true
          + device_name = (known after apply)
          + disk_id     = (known after apply)
          + mode        = (known after apply)

          + initialize_params {
              + block_size  = (known after apply)
              + description = (known after apply)
              + image_id    = "fd8qs44945ddtla09hnr"
              + name        = (known after apply)
              + size        = 10
              + snapshot_id = (known after apply)
              + type        = "network-hdd"
            }
        }

      + network_interface {
          + index              = (known after apply)
          + ip_address         = (known after apply)
          + ipv4               = true
          + ipv6               = (known after apply)
          + ipv6_address       = (known after apply)
          + mac_address        = (known after apply)
          + nat                = true
          + nat_ip_address     = (known after apply)
          + nat_ip_version     = (known after apply)
          + security_group_ids = (known after apply)
          + subnet_id          = (known after apply)
        }

      + placement_policy {
          + host_affinity_rules = (known after apply)
          + placement_group_id  = (known after apply)
        }

      + resources {
          + core_fraction = 100
          + cores         = 4
          + memory        = 4
        }

      + scheduling_policy {
          + preemptible = (known after apply)
        }
    }

  # yandex_compute_instance.netology-fore-each["node_1"] will be created
  + resource "yandex_compute_instance" "netology-fore-each" {
      + created_at                = (known after apply)
      + folder_id                 = (known after apply)
      + fqdn                      = (known after apply)
      + hostname                  = (known after apply)
      + id                        = (known after apply)
      + metadata                  = {
          + "ssh-keys" = <<-EOT
                ubuntu:ssh-ed25519 AAAAC3NzaC1lZDI1NTE5AAAAIMIwO680+vq7rFia8N9UkZhvdwTmfXTTC1QSK9Hni//j work-pc
            EOT
        }
      + network_acceleration_type = "standard"
      + platform_id               = "standard-v2"
      + service_account_id        = (known after apply)
      + status                    = (known after apply)
      + zone                      = "ru-central1-b"

      + boot_disk {
          + auto_delete = true
          + device_name = (known after apply)
          + disk_id     = (known after apply)
          + mode        = (known after apply)

          + initialize_params {
              + block_size  = (known after apply)
              + description = (known after apply)
              + image_id    = "fd8qs44945ddtla09hnr"
              + name        = (known after apply)
              + size        = 10
              + snapshot_id = (known after apply)
              + type        = "network-hdd"
            }
        }

      + network_interface {
          + index              = (known after apply)
          + ip_address         = (known after apply)
          + ipv4               = true
          + ipv6               = (known after apply)
          + ipv6_address       = (known after apply)
          + mac_address        = (known after apply)
          + nat                = true
          + nat_ip_address     = (known after apply)
          + nat_ip_version     = (known after apply)
          + security_group_ids = (known after apply)
          + subnet_id          = (known after apply)
        }

      + placement_policy {
          + host_affinity_rules = (known after apply)
          + placement_group_id  = (known after apply)
        }

      + resources {
          + core_fraction = 100
          + cores         = 4
          + memory        = 4
        }

      + scheduling_policy {
          + preemptible = (known after apply)
        }
    }

  # yandex_compute_instance.netology-fore-each["node_2"] will be created
  + resource "yandex_compute_instance" "netology-fore-each" {
      + created_at                = (known after apply)
      + folder_id                 = (known after apply)
      + fqdn                      = (known after apply)
      + hostname                  = (known after apply)
      + id                        = (known after apply)
      + metadata                  = {
          + "ssh-keys" = <<-EOT
                ubuntu:ssh-ed25519 AAAAC3NzaC1lZDI1NTE5AAAAIMIwO680+vq7rFia8N9UkZhvdwTmfXTTC1QSK9Hni//j work-pc
            EOT
        }
      + network_acceleration_type = "standard"
      + platform_id               = "standard-v2"
      + service_account_id        = (known after apply)
      + status                    = (known after apply)
      + zone                      = "ru-central1-b"

      + boot_disk {
          + auto_delete = true
          + device_name = (known after apply)
          + disk_id     = (known after apply)
          + mode        = (known after apply)

          + initialize_params {
              + block_size  = (known after apply)
              + description = (known after apply)
              + image_id    = "fd8qs44945ddtla09hnr"
              + name        = (known after apply)
              + size        = 10
              + snapshot_id = (known after apply)
              + type        = "network-hdd"
            }
        }

      + network_interface {
          + index              = (known after apply)
          + ip_address         = (known after apply)
          + ipv4               = true
          + ipv6               = (known after apply)
          + ipv6_address       = (known after apply)
          + mac_address        = (known after apply)
          + nat                = true
          + nat_ip_address     = (known after apply)
          + nat_ip_version     = (known after apply)
          + security_group_ids = (known after apply)
          + subnet_id          = (known after apply)
        }

      + placement_policy {
          + host_affinity_rules = (known after apply)
          + placement_group_id  = (known after apply)
        }

      + resources {
          + core_fraction = 100
          + cores         = 4
          + memory        = 4
        }

      + scheduling_policy {
          + preemptible = (known after apply)
        }
    }

  # yandex_vpc_network.net will be created
  + resource "yandex_vpc_network" "net" {
      + created_at                = (known after apply)
      + default_security_group_id = (known after apply)
      + folder_id                 = (known after apply)
      + id                        = (known after apply)
      + labels                    = (known after apply)
      + name                      = "net73"
      + subnet_ids                = (known after apply)
    }

  # yandex_vpc_subnet.subnet will be created
  + resource "yandex_vpc_subnet" "subnet" {
      + created_at     = (known after apply)
      + folder_id      = (known after apply)
      + id             = (known after apply)
      + labels         = (known after apply)
      + name           = "subnet73"
      + network_id     = (known after apply)
      + v4_cidr_blocks = [
          + "10.0.0.0/24",
        ]
      + v6_cidr_blocks = (known after apply)
      + zone           = "ru-central1-b"
    }

Plan: 6 to add, 0 to change, 0 to destroy.

────────────────────────────────────────────────────────────────────────────────────────────────────────────────────────────────────────────────────────────────────────────────────────────────────────────────────────────────────────────────────────────────────────────────────────

Note: You didn't use the -out option to save this plan, so Terraform can't guarantee to take exactly these actions if you run "terraform apply" now.